
Microsoft Visual Studio Solution File, Format Version 12.00
# Visual Studio 15
VisualStudioVersion = 15.0.28010.2003
MinimumVisualStudioVersion = 10.0.40219.1
Project("{FAE04EC0-301F-11D3-BF4B-00C04F79EFBC}") = "XamarinExtentions", "XamarinExtentions\XamarinExtentions.csproj", "{8211A0B9-A62A-4A7B-9EB8-6DB0E739058B}"
EndProject
Global
	GlobalSection(SolutionConfigurationPlatforms) = preSolution
		Debug|Any CPU = Debug|Any CPU
		Release|Any CPU = Release|Any CPU
	EndGlobalSection
	GlobalSection(ProjectConfigurationPlatforms) = postSolution
		{8211A0B9-A62A-4A7B-9EB8-6DB0E739058B}.Debug|Any CPU.ActiveCfg = Debug|Any CPU
		{8211A0B9-A62A-4A7B-9EB8-6DB0E739058B}.Debug|Any CPU.Build.0 = Debug|Any CPU
		{8211A0B9-A62A-4A7B-9EB8-6DB0E739058B}.Release|Any CPU.ActiveCfg = Release|Any CPU
		{8211A0B9-A62A-4A7B-9EB8-6DB0E739058B}.Release|Any CPU.Build.0 = Release|Any CPU
	EndGlobalSection
	GlobalSection(SolutionProperties) = preSolution
		HideSolutionNode = FALSE
	EndGlobalSection
	GlobalSection(ExtensibilityGlobals) = postSolution
		SolutionGuid = {AEA000C7-E189-4302-9E00-4D35F6A40A18}
	EndGlobalSection
EndGlobal
