
Microsoft Visual Studio Solution File, Format Version 12.00
# Visual Studio 15
VisualStudioVersion = 15.0.28010.2003
MinimumVisualStudioVersion = 10.0.40219.1
Project("{9A19103F-16F7-4668-BE54-9A1E7A4F7556}") = "XamarinExtentions", "XamarinExtentions\XamarinExtentions.csproj", "{8211A0B9-A62A-4A7B-9EB8-6DB0E739058B}"
EndProject
Project("{2150E333-8FDC-42A3-9474-1A3956D46DE8}") = "Sample", "Sample", "{586C51FA-AA98-4F4C-9703-7D0D844554BA}"
EndProject
Project("{9A19103F-16F7-4668-BE54-9A1E7A4F7556}") = "ExtentionSample", "..\..\sample\ExtentionSample\ExtentionSample\ExtentionSample.csproj", "{6A72F15F-0E90-48E8-A058-C2EDC718213D}"
EndProject
Project("{FAE04EC0-301F-11D3-BF4B-00C04F79EFBC}") = "ExtentionSample.Android", "..\..\sample\ExtentionSample\ExtentionSample.Android\ExtentionSample.Android.csproj", "{37319248-99F6-4DF2-B334-372FC287D0DD}"
EndProject
Project("{FAE04EC0-301F-11D3-BF4B-00C04F79EFBC}") = "ExtentionSample.iOS", "..\..\sample\ExtentionSample\ExtentionSample.iOS\ExtentionSample.iOS.csproj", "{A26AC6E8-5FDF-4208-8FF3-CC8EAD797293}"
EndProject
Global
	GlobalSection(SolutionConfigurationPlatforms) = preSolution
		Ad-Hoc|Any CPU = Ad-Hoc|Any CPU
		Ad-Hoc|iPhone = Ad-Hoc|iPhone
		Ad-Hoc|iPhoneSimulator = Ad-Hoc|iPhoneSimulator
		AppStore|Any CPU = AppStore|Any CPU
		AppStore|iPhone = AppStore|iPhone
		AppStore|iPhoneSimulator = AppStore|iPhoneSimulator
		Debug|Any CPU = Debug|Any CPU
		Debug|iPhone = Debug|iPhone
		Debug|iPhoneSimulator = Debug|iPhoneSimulator
		Release|Any CPU = Release|Any CPU
		Release|iPhone = Release|iPhone
		Release|iPhoneSimulator = Release|iPhoneSimulator
	EndGlobalSection
	GlobalSection(ProjectConfigurationPlatforms) = postSolution
		{8211A0B9-A62A-4A7B-9EB8-6DB0E739058B}.Ad-Hoc|Any CPU.ActiveCfg = Release|Any CPU
		{8211A0B9-A62A-4A7B-9EB8-6DB0E739058B}.Ad-Hoc|Any CPU.Build.0 = Release|Any CPU
		{8211A0B9-A62A-4A7B-9EB8-6DB0E739058B}.Ad-Hoc|iPhone.ActiveCfg = Release|Any CPU
		{8211A0B9-A62A-4A7B-9EB8-6DB0E739058B}.Ad-Hoc|iPhone.Build.0 = Release|Any CPU
		{8211A0B9-A62A-4A7B-9EB8-6DB0E739058B}.Ad-Hoc|iPhoneSimulator.ActiveCfg = Release|Any CPU
		{8211A0B9-A62A-4A7B-9EB8-6DB0E739058B}.Ad-Hoc|iPhoneSimulator.Build.0 = Release|Any CPU
		{8211A0B9-A62A-4A7B-9EB8-6DB0E739058B}.AppStore|Any CPU.ActiveCfg = Release|Any CPU
		{8211A0B9-A62A-4A7B-9EB8-6DB0E739058B}.AppStore|Any CPU.Build.0 = Release|Any CPU
		{8211A0B9-A62A-4A7B-9EB8-6DB0E739058B}.AppStore|iPhone.ActiveCfg = Release|Any CPU
		{8211A0B9-A62A-4A7B-9EB8-6DB0E739058B}.AppStore|iPhone.Build.0 = Release|Any CPU
		{8211A0B9-A62A-4A7B-9EB8-6DB0E739058B}.AppStore|iPhoneSimulator.ActiveCfg = Release|Any CPU
		{8211A0B9-A62A-4A7B-9EB8-6DB0E739058B}.AppStore|iPhoneSimulator.Build.0 = Release|Any CPU
		{8211A0B9-A62A-4A7B-9EB8-6DB0E739058B}.Debug|Any CPU.ActiveCfg = Debug|Any CPU
		{8211A0B9-A62A-4A7B-9EB8-6DB0E739058B}.Debug|Any CPU.Build.0 = Debug|Any CPU
		{8211A0B9-A62A-4A7B-9EB8-6DB0E739058B}.Debug|iPhone.ActiveCfg = Debug|Any CPU
		{8211A0B9-A62A-4A7B-9EB8-6DB0E739058B}.Debug|iPhone.Build.0 = Debug|Any CPU
		{8211A0B9-A62A-4A7B-9EB8-6DB0E739058B}.Debug|iPhoneSimulator.ActiveCfg = Debug|Any CPU
		{8211A0B9-A62A-4A7B-9EB8-6DB0E739058B}.Debug|iPhoneSimulator.Build.0 = Debug|Any CPU
		{8211A0B9-A62A-4A7B-9EB8-6DB0E739058B}.Release|Any CPU.ActiveCfg = Release|Any CPU
		{8211A0B9-A62A-4A7B-9EB8-6DB0E739058B}.Release|Any CPU.Build.0 = Release|Any CPU
		{8211A0B9-A62A-4A7B-9EB8-6DB0E739058B}.Release|iPhone.ActiveCfg = Release|Any CPU
		{8211A0B9-A62A-4A7B-9EB8-6DB0E739058B}.Release|iPhone.Build.0 = Release|Any CPU
		{8211A0B9-A62A-4A7B-9EB8-6DB0E739058B}.Release|iPhoneSimulator.ActiveCfg = Release|Any CPU
		{8211A0B9-A62A-4A7B-9EB8-6DB0E739058B}.Release|iPhoneSimulator.Build.0 = Release|Any CPU
		{6A72F15F-0E90-48E8-A058-C2EDC718213D}.Ad-Hoc|Any CPU.ActiveCfg = Debug|Any CPU
		{6A72F15F-0E90-48E8-A058-C2EDC718213D}.Ad-Hoc|Any CPU.Build.0 = Debug|Any CPU
		{6A72F15F-0E90-48E8-A058-C2EDC718213D}.Ad-Hoc|iPhone.ActiveCfg = Debug|Any CPU
		{6A72F15F-0E90-48E8-A058-C2EDC718213D}.Ad-Hoc|iPhone.Build.0 = Debug|Any CPU
		{6A72F15F-0E90-48E8-A058-C2EDC718213D}.Ad-Hoc|iPhoneSimulator.ActiveCfg = Debug|Any CPU
		{6A72F15F-0E90-48E8-A058-C2EDC718213D}.Ad-Hoc|iPhoneSimulator.Build.0 = Debug|Any CPU
		{6A72F15F-0E90-48E8-A058-C2EDC718213D}.AppStore|Any CPU.ActiveCfg = Debug|Any CPU
		{6A72F15F-0E90-48E8-A058-C2EDC718213D}.AppStore|Any CPU.Build.0 = Debug|Any CPU
		{6A72F15F-0E90-48E8-A058-C2EDC718213D}.AppStore|iPhone.ActiveCfg = Debug|Any CPU
		{6A72F15F-0E90-48E8-A058-C2EDC718213D}.AppStore|iPhone.Build.0 = Debug|Any CPU
		{6A72F15F-0E90-48E8-A058-C2EDC718213D}.AppStore|iPhoneSimulator.ActiveCfg = Debug|Any CPU
		{6A72F15F-0E90-48E8-A058-C2EDC718213D}.AppStore|iPhoneSimulator.Build.0 = Debug|Any CPU
		{6A72F15F-0E90-48E8-A058-C2EDC718213D}.Debug|Any CPU.ActiveCfg = Debug|Any CPU
		{6A72F15F-0E90-48E8-A058-C2EDC718213D}.Debug|Any CPU.Build.0 = Debug|Any CPU
		{6A72F15F-0E90-48E8-A058-C2EDC718213D}.Debug|iPhone.ActiveCfg = Debug|Any CPU
		{6A72F15F-0E90-48E8-A058-C2EDC718213D}.Debug|iPhone.Build.0 = Debug|Any CPU
		{6A72F15F-0E90-48E8-A058-C2EDC718213D}.Debug|iPhoneSimulator.ActiveCfg = Debug|Any CPU
		{6A72F15F-0E90-48E8-A058-C2EDC718213D}.Debug|iPhoneSimulator.Build.0 = Debug|Any CPU
		{6A72F15F-0E90-48E8-A058-C2EDC718213D}.Release|Any CPU.ActiveCfg = Release|Any CPU
		{6A72F15F-0E90-48E8-A058-C2EDC718213D}.Release|Any CPU.Build.0 = Release|Any CPU
		{6A72F15F-0E90-48E8-A058-C2EDC718213D}.Release|iPhone.ActiveCfg = Release|Any CPU
		{6A72F15F-0E90-48E8-A058-C2EDC718213D}.Release|iPhone.Build.0 = Release|Any CPU
		{6A72F15F-0E90-48E8-A058-C2EDC718213D}.Release|iPhoneSimulator.ActiveCfg = Release|Any CPU
		{6A72F15F-0E90-48E8-A058-C2EDC718213D}.Release|iPhoneSimulator.Build.0 = Release|Any CPU
		{37319248-99F6-4DF2-B334-372FC287D0DD}.Ad-Hoc|Any CPU.ActiveCfg = Release|Any CPU
		{37319248-99F6-4DF2-B334-372FC287D0DD}.Ad-Hoc|Any CPU.Build.0 = Release|Any CPU
		{37319248-99F6-4DF2-B334-372FC287D0DD}.Ad-Hoc|Any CPU.Deploy.0 = Release|Any CPU
		{37319248-99F6-4DF2-B334-372FC287D0DD}.Ad-Hoc|iPhone.ActiveCfg = Release|Any CPU
		{37319248-99F6-4DF2-B334-372FC287D0DD}.Ad-Hoc|iPhone.Build.0 = Release|Any CPU
		{37319248-99F6-4DF2-B334-372FC287D0DD}.Ad-Hoc|iPhone.Deploy.0 = Release|Any CPU
		{37319248-99F6-4DF2-B334-372FC287D0DD}.Ad-Hoc|iPhoneSimulator.ActiveCfg = Release|Any CPU
		{37319248-99F6-4DF2-B334-372FC287D0DD}.Ad-Hoc|iPhoneSimulator.Build.0 = Release|Any CPU
		{37319248-99F6-4DF2-B334-372FC287D0DD}.Ad-Hoc|iPhoneSimulator.Deploy.0 = Release|Any CPU
		{37319248-99F6-4DF2-B334-372FC287D0DD}.AppStore|Any CPU.ActiveCfg = Release|Any CPU
		{37319248-99F6-4DF2-B334-372FC287D0DD}.AppStore|Any CPU.Build.0 = Release|Any CPU
		{37319248-99F6-4DF2-B334-372FC287D0DD}.AppStore|Any CPU.Deploy.0 = Release|Any CPU
		{37319248-99F6-4DF2-B334-372FC287D0DD}.AppStore|iPhone.ActiveCfg = Release|Any CPU
		{37319248-99F6-4DF2-B334-372FC287D0DD}.AppStore|iPhone.Build.0 = Release|Any CPU
		{37319248-99F6-4DF2-B334-372FC287D0DD}.AppStore|iPhone.Deploy.0 = Release|Any CPU
		{37319248-99F6-4DF2-B334-372FC287D0DD}.AppStore|iPhoneSimulator.ActiveCfg = Release|Any CPU
		{37319248-99F6-4DF2-B334-372FC287D0DD}.AppStore|iPhoneSimulator.Build.0 = Release|Any CPU
		{37319248-99F6-4DF2-B334-372FC287D0DD}.AppStore|iPhoneSimulator.Deploy.0 = Release|Any CPU
		{37319248-99F6-4DF2-B334-372FC287D0DD}.Debug|Any CPU.ActiveCfg = Debug|Any CPU
		{37319248-99F6-4DF2-B334-372FC287D0DD}.Debug|Any CPU.Build.0 = Debug|Any CPU
		{37319248-99F6-4DF2-B334-372FC287D0DD}.Debug|Any CPU.Deploy.0 = Debug|Any CPU
		{37319248-99F6-4DF2-B334-372FC287D0DD}.Debug|iPhone.ActiveCfg = Debug|Any CPU
		{37319248-99F6-4DF2-B334-372FC287D0DD}.Debug|iPhone.Build.0 = Debug|Any CPU
		{37319248-99F6-4DF2-B334-372FC287D0DD}.Debug|iPhone.Deploy.0 = Debug|Any CPU
		{37319248-99F6-4DF2-B334-372FC287D0DD}.Debug|iPhoneSimulator.ActiveCfg = Debug|Any CPU
		{37319248-99F6-4DF2-B334-372FC287D0DD}.Debug|iPhoneSimulator.Build.0 = Debug|Any CPU
		{37319248-99F6-4DF2-B334-372FC287D0DD}.Debug|iPhoneSimulator.Deploy.0 = Debug|Any CPU
		{37319248-99F6-4DF2-B334-372FC287D0DD}.Release|Any CPU.ActiveCfg = Release|Any CPU
		{37319248-99F6-4DF2-B334-372FC287D0DD}.Release|Any CPU.Build.0 = Release|Any CPU
		{37319248-99F6-4DF2-B334-372FC287D0DD}.Release|Any CPU.Deploy.0 = Release|Any CPU
		{37319248-99F6-4DF2-B334-372FC287D0DD}.Release|iPhone.ActiveCfg = Release|Any CPU
		{37319248-99F6-4DF2-B334-372FC287D0DD}.Release|iPhone.Build.0 = Release|Any CPU
		{37319248-99F6-4DF2-B334-372FC287D0DD}.Release|iPhone.Deploy.0 = Release|Any CPU
		{37319248-99F6-4DF2-B334-372FC287D0DD}.Release|iPhoneSimulator.ActiveCfg = Release|Any CPU
		{37319248-99F6-4DF2-B334-372FC287D0DD}.Release|iPhoneSimulator.Build.0 = Release|Any CPU
		{37319248-99F6-4DF2-B334-372FC287D0DD}.Release|iPhoneSimulator.Deploy.0 = Release|Any CPU
		{A26AC6E8-5FDF-4208-8FF3-CC8EAD797293}.Ad-Hoc|Any CPU.ActiveCfg = Ad-Hoc|iPhone
		{A26AC6E8-5FDF-4208-8FF3-CC8EAD797293}.Ad-Hoc|iPhone.ActiveCfg = Ad-Hoc|iPhone
		{A26AC6E8-5FDF-4208-8FF3-CC8EAD797293}.Ad-Hoc|iPhone.Build.0 = Ad-Hoc|iPhone
		{A26AC6E8-5FDF-4208-8FF3-CC8EAD797293}.Ad-Hoc|iPhoneSimulator.ActiveCfg = Ad-Hoc|iPhoneSimulator
		{A26AC6E8-5FDF-4208-8FF3-CC8EAD797293}.Ad-Hoc|iPhoneSimulator.Build.0 = Ad-Hoc|iPhoneSimulator
		{A26AC6E8-5FDF-4208-8FF3-CC8EAD797293}.AppStore|Any CPU.ActiveCfg = AppStore|iPhone
		{A26AC6E8-5FDF-4208-8FF3-CC8EAD797293}.AppStore|iPhone.ActiveCfg = AppStore|iPhone
		{A26AC6E8-5FDF-4208-8FF3-CC8EAD797293}.AppStore|iPhone.Build.0 = AppStore|iPhone
		{A26AC6E8-5FDF-4208-8FF3-CC8EAD797293}.AppStore|iPhoneSimulator.ActiveCfg = AppStore|iPhoneSimulator
		{A26AC6E8-5FDF-4208-8FF3-CC8EAD797293}.AppStore|iPhoneSimulator.Build.0 = AppStore|iPhoneSimulator
		{A26AC6E8-5FDF-4208-8FF3-CC8EAD797293}.Debug|Any CPU.ActiveCfg = Debug|iPhone
		{A26AC6E8-5FDF-4208-8FF3-CC8EAD797293}.Debug|iPhone.ActiveCfg = Debug|iPhone
		{A26AC6E8-5FDF-4208-8FF3-CC8EAD797293}.Debug|iPhone.Build.0 = Debug|iPhone
		{A26AC6E8-5FDF-4208-8FF3-CC8EAD797293}.Debug|iPhoneSimulator.ActiveCfg = Debug|iPhoneSimulator
		{A26AC6E8-5FDF-4208-8FF3-CC8EAD797293}.Debug|iPhoneSimulator.Build.0 = Debug|iPhoneSimulator
		{A26AC6E8-5FDF-4208-8FF3-CC8EAD797293}.Release|Any CPU.ActiveCfg = Release|iPhone
		{A26AC6E8-5FDF-4208-8FF3-CC8EAD797293}.Release|iPhone.ActiveCfg = Release|iPhone
		{A26AC6E8-5FDF-4208-8FF3-CC8EAD797293}.Release|iPhone.Build.0 = Release|iPhone
		{A26AC6E8-5FDF-4208-8FF3-CC8EAD797293}.Release|iPhoneSimulator.ActiveCfg = Release|iPhoneSimulator
		{A26AC6E8-5FDF-4208-8FF3-CC8EAD797293}.Release|iPhoneSimulator.Build.0 = Release|iPhoneSimulator
	EndGlobalSection
	GlobalSection(SolutionProperties) = preSolution
		HideSolutionNode = FALSE
	EndGlobalSection
	GlobalSection(NestedProjects) = preSolution
		{6A72F15F-0E90-48E8-A058-C2EDC718213D} = {586C51FA-AA98-4F4C-9703-7D0D844554BA}
		{37319248-99F6-4DF2-B334-372FC287D0DD} = {586C51FA-AA98-4F4C-9703-7D0D844554BA}
		{A26AC6E8-5FDF-4208-8FF3-CC8EAD797293} = {586C51FA-AA98-4F4C-9703-7D0D844554BA}
	EndGlobalSection
	GlobalSection(ExtensibilityGlobals) = postSolution
		SolutionGuid = {AEA000C7-E189-4302-9E00-4D35F6A40A18}
	EndGlobalSection
EndGlobal
